
Microsoft Visual Studio Solution File, Format Version 12.00
# Visual Studio Version 17
VisualStudioVersion = 17.9.34728.123
MinimumVisualStudioVersion = 10.0.40219.1
Project("{FAE04EC0-301F-11D3-BF4B-00C04F79EFBC}") = "CarInfoManagement", "CarInfoManagement\CarInfoManagement.csproj", "{A5A91BF0-8F73-4706-B97F-A8A2ABE16244}"
EndProject
Global
	GlobalSection(SolutionConfigurationPlatforms) = preSolution
		Debug|Any CPU = Debug|Any CPU
		Release|Any CPU = Release|Any CPU
	EndGlobalSection
	GlobalSection(ProjectConfigurationPlatforms) = postSolution
		{A5A91BF0-8F73-4706-B97F-A8A2ABE16244}.Debug|Any CPU.ActiveCfg = Debug|Any CPU
		{A5A91BF0-8F73-4706-B97F-A8A2ABE16244}.Debug|Any CPU.Build.0 = Debug|Any CPU
		{A5A91BF0-8F73-4706-B97F-A8A2ABE16244}.Release|Any CPU.ActiveCfg = Release|Any CPU
		{A5A91BF0-8F73-4706-B97F-A8A2ABE16244}.Release|Any CPU.Build.0 = Release|Any CPU
	EndGlobalSection
	GlobalSection(SolutionProperties) = preSolution
		HideSolutionNode = FALSE
	EndGlobalSection
	GlobalSection(ExtensibilityGlobals) = postSolution
		SolutionGuid = {1F354A60-CC63-425C-9EDD-09114BC869AB}
	EndGlobalSection
EndGlobal
